
Microsoft Visual Studio Solution File, Format Version 12.00
# Visual Studio Version 17
VisualStudioVersion = 17.11.35327.3
MinimumVisualStudioVersion = 10.0.40219.1
Project("{FAE04EC0-301F-11D3-BF4B-00C04F79EFBC}") = "Bird", "Bird.csproj", "{8901AF6F-618D-405A-A1B6-A9AA127452EB}"
EndProject
Global
	GlobalSection(SolutionConfigurationPlatforms) = preSolution
		Debug|Any CPU = Debug|Any CPU
		Release|Any CPU = Release|Any CPU
	EndGlobalSection
	GlobalSection(ProjectConfigurationPlatforms) = postSolution
		{8901AF6F-618D-405A-A1B6-A9AA127452EB}.Debug|Any CPU.ActiveCfg = Debug|Any CPU
		{8901AF6F-618D-405A-A1B6-A9AA127452EB}.Debug|Any CPU.Build.0 = Debug|Any CPU
		{8901AF6F-618D-405A-A1B6-A9AA127452EB}.Release|Any CPU.ActiveCfg = Release|Any CPU
		{8901AF6F-618D-405A-A1B6-A9AA127452EB}.Release|Any CPU.Build.0 = Release|Any CPU
	EndGlobalSection
	GlobalSection(SolutionProperties) = preSolution
		HideSolutionNode = FALSE
	EndGlobalSection
	GlobalSection(ExtensibilityGlobals) = postSolution
		SolutionGuid = {0B30E3C6-DE52-403E-8D28-C65A2A11BC57}
	EndGlobalSection
EndGlobal
